// !$*UTF8*$!
{
	archiveVersion = 1;
	classes = {
	};
	objectVersion = 46;
	objects = {

/* Begin PBXBuildFile section */
		92FA7B9F1A997E4400ED6952 /* AppDelegate.swift in Sources */ = {isa = PBXBuildFile; fileRef = 92FA7B9E1A997E4400ED6952 /* AppDelegate.swift */; };
		92FA7BA11A997E4400ED6952 /* ViewController.swift in Sources */ = {isa = PBXBuildFile; fileRef = 92FA7BA01A997E4400ED6952 /* ViewController.swift */; };
		92FA7BA41A997E4400ED6952 /* Main.storyboard in Resources */ = {isa = PBXBuildFile; fileRef = 92FA7BA21A997E4400ED6952 /* Main.storyboard */; };
		92FA7BA61A997E4400ED6952 /* Images.xcassets in Resources */ = {isa = PBXBuildFile; fileRef = 92FA7BA51A997E4400ED6952 /* Images.xcassets */; };
		92FA7BA91A997E4400ED6952 /* LaunchScreen.xib in Resources */ = {isa = PBXBuildFile; fileRef = 92FA7BA71A997E4400ED6952 /* LaunchScreen.xib */; };
		92FA7BB51A997E4400ED6952 /* CarthageAppTests.swift in Sources */ = {isa = PBXBuildFile; fileRef = 92FA7BB41A997E4400ED6952 /* CarthageAppTests.swift */; };
/* End PBXBuildFile section */

/* Begin PBXContainerItemProxy section */
		92FA7BAF1A997E4400ED6952 /* PBXContainerItemProxy */ = {
			isa = PBXContainerItemProxy;
			containerPortal = 92FA7B911A997E4400ED6952 /* Project object */;
			proxyType = 1;
			remoteGlobalIDString = 92FA7B981A997E4400ED6952;
			remoteInfo = CarthageApp;
		};
/* End PBXContainerItemProxy section */

/* Begin PBXFileReference section */
		92FA7B991A997E4400ED6952 /* CarthageApp.app */ = {isa = PBXFileReference; explicitFileType = wrapper.application; includeInIndex = 0; path = CarthageApp.app; sourceTree = BUILT_PRODUCTS_DIR; };
		92FA7B9D1A997E4400ED6952 /* Info.plist */ = {isa = PBXFileReference; lastKnownFileType = text.plist.xml; path = Info.plist; sourceTree = "<group>"; };
		92FA7B9E1A997E4400ED6952 /* AppDelegate.swift */ = {isa = PBXFileReference; lastKnownFileType = sourcecode.swift; path = AppDelegate.swift; sourceTree = "<group>"; };
		92FA7BA01A997E4400ED6952 /* ViewController.swift */ = {isa = PBXFileReference; lastKnownFileType = sourcecode.swift; path = ViewController.swift; sourceTree = "<group>"; };
		92FA7BA31A997E4400ED6952 /* Base */ = {isa = PBXFileReference; lastKnownFileType = file.storyboard; name = Base; path = Base.lproj/Main.storyboard; sourceTree = "<group>"; };
		92FA7BA51A997E4400ED6952 /* Images.xcassets */ = {isa = PBXFileReference; lastKnownFileType = folder.assetcatalog; path = Images.xcassets; sourceTree = "<group>"; };
		92FA7BA81A997E4400ED6952 /* Base */ = {isa = PBXFileReference; lastKnownFileType = file.xib; name = Base; path = Base.lproj/LaunchScreen.xib; sourceTree = "<group>"; };
		92FA7BAE1A997E4400ED6952 /* CarthageAppTests.xctest */ = {isa = PBXFileReference; explicitFileType = wrapper.cfbundle; includeInIndex = 0; path = CarthageAppTests.xctest; sourceTree = BUILT_PRODUCTS_DIR; };
		92FA7BB31A997E4400ED6952 /* Info.plist */ = {isa = PBXFileReference; lastKnownFileType = text.plist.xml; path = Info.plist; sourceTree = "<group>"; };
		92FA7BB41A997E4400ED6952 /* CarthageAppTests.swift */ = {isa = PBXFileReference; lastKnownFileType = sourcecode.swift; path = CarthageAppTests.swift; sourceTree = "<group>"; };
/* End PBXFileReference section */

/* Begin PBXFrameworksBuildPhase section */
		92FA7B961A997E4400ED6952 /* Frameworks */ = {
			isa = PBXFrameworksBuildPhase;
			buildActionMask = 2147483647;
			files = (
			);
			runOnlyForDeploymentPostprocessing = 0;
		};
		92FA7BAB1A997E4400ED6952 /* Frameworks */ = {
			isa = PBXFrameworksBuildPhase;
			buildActionMask = 2147483647;
			files = (
			);
			runOnlyForDeploymentPostprocessing = 0;
		};
/* End PBXFrameworksBuildPhase section */

/* Begin PBXGroup section */
		92FA7B901A997E4400ED6952 = {
			isa = PBXGroup;
			children = (
				92FA7B9B1A997E4400ED6952 /* CarthageApp */,
				92FA7BB11A997E4400ED6952 /* CarthageAppTests */,
				92FA7B9A1A997E4400ED6952 /* Products */,
			);
			sourceTree = "<group>";
		};
		92FA7B9A1A997E4400ED6952 /* Products */ = {
			isa = PBXGroup;
			children = (
				92FA7B991A997E4400ED6952 /* CarthageApp.app */,
				92FA7BAE1A997E4400ED6952 /* CarthageAppTests.xctest */,
			);
			name = Products;
			sourceTree = "<group>";
		};
		92FA7B9B1A997E4400ED6952 /* CarthageApp */ = {
			isa = PBXGroup;
			children = (
				92FA7B9E1A997E4400ED6952 /* AppDelegate.swift */,
				92FA7BA01A997E4400ED6952 /* ViewController.swift */,
				92FA7BA21A997E4400ED6952 /* Main.storyboard */,
				92FA7BA51A997E4400ED6952 /* Images.xcassets */,
				92FA7BA71A997E4400ED6952 /* LaunchScreen.xib */,
				92FA7B9C1A997E4400ED6952 /* Supporting Files */,
			);
			path = CarthageApp;
			sourceTree = "<group>";
		};
		92FA7B9C1A997E4400ED6952 /* Supporting Files */ = {
			isa = PBXGroup;
			children = (
				92FA7B9D1A997E4400ED6952 /* Info.plist */,
			);
			name = "Supporting Files";
			sourceTree = "<group>";
		};
		92FA7BB11A997E4400ED6952 /* CarthageAppTests */ = {
			isa = PBXGroup;
			children = (
				92FA7BB41A997E4400ED6952 /* CarthageAppTests.swift */,
				92FA7BB21A997E4400ED6952 /* Supporting Files */,
			);
			path = CarthageAppTests;
			sourceTree = "<group>";
		};
		92FA7BB21A997E4400ED6952 /* Supporting Files */ = {
			isa = PBXGroup;
			children = (
				92FA7BB31A997E4400ED6952 /* Info.plist */,
			);
			name = "Supporting Files";
			sourceTree = "<group>";
		};
/* End PBXGroup section */

/* Begin PBXNativeTarget section */
		92FA7B981A997E4400ED6952 /* CarthageApp */ = {
			isa = PBXNativeTarget;
			buildConfigurationList = 92FA7BB81A997E4400ED6952 /* Build configuration list for PBXNativeTarget "CarthageApp" */;
			buildPhases = (
				92FA7B951A997E4400ED6952 /* Sources */,
				92FA7B961A997E4400ED6952 /* Frameworks */,
				92FA7B971A997E4400ED6952 /* Resources */,
				92FA7BC21A9981C100ED6952 /* ShellScript */,
			);
			buildRules = (
			);
			dependencies = (
			);
			name = CarthageApp;
			productName = CarthageApp;
			productReference = 92FA7B991A997E4400ED6952 /* CarthageApp.app */;
			productType = "com.apple.product-type.application";
		};
		92FA7BAD1A997E4400ED6952 /* CarthageAppTests */ = {
			isa = PBXNativeTarget;
			buildConfigurationList = 92FA7BBB1A997E4400ED6952 /* Build configuration list for PBXNativeTarget "CarthageAppTests" */;
			buildPhases = (
				92FA7BAA1A997E4400ED6952 /* Sources */,
				92FA7BAB1A997E4400ED6952 /* Frameworks */,
				92FA7BAC1A997E4400ED6952 /* Resources */,
			);
			buildRules = (
			);
			dependencies = (
				92FA7BB01A997E4400ED6952 /* PBXTargetDependency */,
			);
			name = CarthageAppTests;
			productName = CarthageAppTests;
			productReference = 92FA7BAE1A997E4400ED6952 /* CarthageAppTests.xctest */;
			productType = "com.apple.product-type.bundle.unit-test";
		};
/* End PBXNativeTarget section */

/* Begin PBXProject section */
		92FA7B911A997E4400ED6952 /* Project object */ = {
			isa = PBXProject;
			attributes = {
				LastSwiftUpdateCheck = 0720;
				LastUpgradeCheck = 0610;
				ORGANIZATIONNAME = "Encore Dev Labs LLC";
				TargetAttributes = {
					92FA7B981A997E4400ED6952 = {
						CreatedOnToolsVersion = 6.1.1;
					};
					92FA7BAD1A997E4400ED6952 = {
						CreatedOnToolsVersion = 6.1.1;
						TestTargetID = 92FA7B981A997E4400ED6952;
					};
				};
			};
			buildConfigurationList = 92FA7B941A997E4400ED6952 /* Build configuration list for PBXProject "CarthageApp" */;
			compatibilityVersion = "Xcode 3.2";
			developmentRegion = English;
			hasScannedForEncodings = 0;
			knownRegions = (
				en,
				Base,
			);
			mainGroup = 92FA7B901A997E4400ED6952;
			productRefGroup = 92FA7B9A1A997E4400ED6952 /* Products */;
			projectDirPath = "";
			projectRoot = "";
			targets = (
				92FA7B981A997E4400ED6952 /* CarthageApp */,
				92FA7BAD1A997E4400ED6952 /* CarthageAppTests */,
			);
		};
/* End PBXProject section */

/* Begin PBXResourcesBuildPhase section */
		92FA7B971A997E4400ED6952 /* Resources */ = {
			isa = PBXResourcesBuildPhase;
			buildActionMask = 2147483647;
			files = (
				92FA7BA41A997E4400ED6952 /* Main.storyboard in Resources */,
				92FA7BA91A997E4400ED6952 /* LaunchScreen.xib in Resources */,
				92FA7BA61A997E4400ED6952 /* Images.xcassets in Resources */,
			);
			runOnlyForDeploymentPostprocessing = 0;
		};
		92FA7BAC1A997E4400ED6952 /* Resources */ = {
			isa = PBXResourcesBuildPhase;
			buildActionMask = 2147483647;
			files = (
			);
			runOnlyForDeploymentPostprocessing = 0;
		};
/* End PBXResourcesBuildPhase section */

/* Begin PBXShellScriptBuildPhase section */
		92FA7BC21A9981C100ED6952 /* ShellScript */ = {
			isa = PBXShellScriptBuildPhase;
			buildActionMask = 2147483647;
			files = (
			);
			inputPaths = (
				"$(SRCROOT)/Carthage/Build/iOS/Dollar.framework",
				"$(SRCROOT)/Carthage/Build/iOS/Cent.framework",
			);
			outputPaths = (
			);
			runOnlyForDeploymentPostprocessing = 0;
			shellPath = /bin/sh;
			shellScript = "/usr/local/bin/carthage copy-frameworks";
		};
/* End PBXShellScriptBuildPhase section */

/* Begin PBXSourcesBuildPhase section */
		92FA7B951A997E4400ED6952 /* Sources */ = {
			isa = PBXSourcesBuildPhase;
			buildActionMask = 2147483647;
			files = (
				92FA7BA11A997E4400ED6952 /* ViewController.swift in Sources */,
				92FA7B9F1A997E4400ED6952 /* AppDelegate.swift in Sources */,
			);
			runOnlyForDeploymentPostprocessing = 0;
		};
		92FA7BAA1A997E4400ED6952 /* Sources */ = {
			isa = PBXSourcesBuildPhase;
			buildActionMask = 2147483647;
			files = (
				92FA7BB51A997E4400ED6952 /* CarthageAppTests.swift in Sources */,
			);
			runOnlyForDeploymentPostprocessing = 0;
		};
/* End PBXSourcesBuildPhase section */

/* Begin PBXTargetDependency section */
		92FA7BB01A997E4400ED6952 /* PBXTargetDependency */ = {
			isa = PBXTargetDependency;
			target = 92FA7B981A997E4400ED6952 /* CarthageApp */;
			targetProxy = 92FA7BAF1A997E4400ED6952 /* PBXContainerItemProxy */;
		};
/* End PBXTargetDependency section */

/* Begin PBXVariantGroup section */
		92FA7BA21A997E4400ED6952 /* Main.storyboard */ = {
			isa = PBXVariantGroup;
			children = (
				92FA7BA31A997E4400ED6952 /* Base */,
			);
			name = Main.storyboard;
			sourceTree = "<group>";
		};
		92FA7BA71A997E4400ED6952 /* LaunchScreen.xib */ = {
			isa = PBXVariantGroup;
			children = (
				92FA7BA81A997E4400ED6952 /* Base */,
			);
			name = LaunchScreen.xib;
			sourceTree = "<group>";
		};
/* End PBXVariantGroup section */

/* Begin XCBuildConfiguration section */
		92FA7BB61A997E4400ED6952 /* Debug */ = {
			isa = XCBuildConfiguration;
			buildSettings = {
				ALWAYS_SEARCH_USER_PATHS = NO;
				CLANG_CXX_LANGUAGE_STANDARD = "gnu++0x";
				CLANG_CXX_LIBRARY = "libc++";
				CLANG_ENABLE_MODULES = YES;
				CLANG_ENABLE_OBJC_ARC = YES;
				CLANG_WARN_BOOL_CONVERSION = YES;
				CLANG_WARN_CONSTANT_CONVERSION = YES;
				CLANG_WARN_DIRECT_OBJC_ISA_USAGE = YES_ERROR;
				CLANG_WARN_EMPTY_BODY = YES;
				CLANG_WARN_ENUM_CONVERSION = YES;
				CLANG_WARN_INT_CONVERSION = YES;
				CLANG_WARN_OBJC_ROOT_CLASS = YES_ERROR;
				CLANG_WARN_UNREACHABLE_CODE = YES;
				CLANG_WARN__DUPLICATE_METHOD_MATCH = YES;
				"CODE_SIGN_IDENTITY[sdk=iphoneos*]" = "iPhone Developer";
				COPY_PHASE_STRIP = NO;
				ENABLE_STRICT_OBJC_MSGSEND = YES;
				GCC_C_LANGUAGE_STANDARD = gnu99;
				GCC_DYNAMIC_NO_PIC = NO;
				GCC_OPTIMIZATION_LEVEL = 0;
				GCC_PREPROCESSOR_DEFINITIONS = (
					"DEBUG=1",
					"$(inherited)",
				);
				GCC_SYMBOLS_PRIVATE_EXTERN = NO;
				GCC_WARN_64_TO_32_BIT_CONVERSION = YES;
				GCC_WARN_ABOUT_RETURN_TYPE = YES_ERROR;
				GCC_WARN_UNDECLARED_SELECTOR = YES;
				GCC_WARN_UNINITIALIZED_AUTOS = YES_AGGRESSIVE;
				GCC_WARN_UNUSED_FUNCTION = YES;
				GCC_WARN_UNUSED_VARIABLE = YES;
				IPHONEOS_DEPLOYMENT_TARGET = 9.2;
				MTL_ENABLE_DEBUG_INFO = YES;
				ONLY_ACTIVE_ARCH = YES;
				SDKROOT = iphoneos;
				SWIFT_OPTIMIZATION_LEVEL = "-Onone";
			};
			name = Debug;
		};
		92FA7BB71A997E4400ED6952 /* Release */ = {
			isa = XCBuildConfiguration;
			buildSettings = {
				ALWAYS_SEARCH_USER_PATHS = NO;
				CLANG_CXX_LANGUAGE_STANDARD = "gnu++0x";
				CLANG_CXX_LIBRARY = "libc++";
				CLANG_ENABLE_MODULES = YES;
				CLANG_ENABLE_OBJC_ARC = YES;
				CLANG_WARN_BOOL_CONVERSION = YES;
				CLANG_WARN_CONSTANT_CONVERSION = YES;
				CLANG_WARN_DIRECT_OBJC_ISA_USAGE = YES_ERROR;
				CLANG_WARN_EMPTY_BODY = YES;
				CLANG_WARN_ENUM_CONVERSION = YES;
				CLANG_WARN_INT_CONVERSION = YES;
				CLANG_WARN_OBJC_ROOT_CLASS = YES_ERROR;
				CLANG_WARN_UNREACHABLE_CODE = YES;
				CLANG_WARN__DUPLICATE_METHOD_MATCH = YES;
				"CODE_SIGN_IDENTITY[sdk=iphoneos*]" = "iPhone Developer";
				COPY_PHASE_STRIP = YES;
				ENABLE_NS_ASSERTIONS = NO;
				ENABLE_STRICT_OBJC_MSGSEND = YES;
				GCC_C_LANGUAGE_STANDARD = gnu99;
				GCC_WARN_64_TO_32_BIT_CONVERSION = YES;
				GCC_WARN_ABOUT_RETURN_TYPE = YES_ERROR;
				GCC_WARN_UNDECLARED_SELECTOR = YES;
				GCC_WARN_UNINITIALIZED_AUTOS = YES_AGGRESSIVE;
				GCC_WARN_UNUSED_FUNCTION = YES;
				GCC_WARN_UNUSED_VARIABLE = YES;
				IPHONEOS_DEPLOYMENT_TARGET = 9.2;
				MTL_ENABLE_DEBUG_INFO = NO;
				SDKROOT = iphoneos;
				VALIDATE_PRODUCT = YES;
			};
			name = Release;
		};
		92FA7BB91A997E4400ED6952 /* Debug */ = {
			isa = XCBuildConfiguration;
			buildSettings = {
				ASSETCATALOG_COMPILER_APPICON_NAME = AppIcon;
				FRAMEWORK_SEARCH_PATHS = (
					"$(inherited)",
					"$(PROJECT_DIR)/Carthage/Build/iOS",
				);
				INFOPLIST_FILE = CarthageApp/Info.plist;
				LD_RUNPATH_SEARCH_PATHS = "$(inherited) @executable_path/Frameworks";
				ONLY_ACTIVE_ARCH = YES;
				PRODUCT_NAME = "$(TARGET_NAME)";
			};
			name = Debug;
		};
		92FA7BBA1A997E4400ED6952 /* Release */ = {
			isa = XCBuildConfiguration;
			buildSettings = {
				ASSETCATALOG_COMPILER_APPICON_NAME = AppIcon;
				FRAMEWORK_SEARCH_PATHS = (
					"$(inherited)",
					"$(PROJECT_DIR)/Carthage/Build/iOS",
				);
				INFOPLIST_FILE = CarthageApp/Info.plist;
				LD_RUNPATH_SEARCH_PATHS = "$(inherited) @executable_path/Frameworks";
				ONLY_ACTIVE_ARCH = YES;
				PRODUCT_NAME = "$(TARGET_NAME)";
			};
			name = Release;
		};
		92FA7BBC1A997E4400ED6952 /* Debug */ = {
			isa = XCBuildConfiguration;
			buildSettings = {
				BUNDLE_LOADER = "$(TEST_HOST)";
				FRAMEWORK_SEARCH_PATHS = (
					"$(SDKROOT)/Developer/Library/Frameworks",
					"$(inherited)",
				);
				GCC_PREPROCESSOR_DEFINITIONS = (
					"DEBUG=1",
					"$(inherited)",
				);
				INFOPLIST_FILE = CarthageAppTests/Info.plist;
				LD_RUNPATH_SEARCH_PATHS = "$(inherited) @executable_path/Frameworks @loader_path/Frameworks";
				PRODUCT_NAME = "$(TARGET_NAME)";
				TEST_HOST = "$(BUILT_PRODUCTS_DIR)/CarthageApp.app/CarthageApp";
			};
			name = Debug;
		};
		92FA7BBD1A997E4400ED6952 /* Release */ = {
			isa = XCBuildConfiguration;
			buildSettings = {
				BUNDLE_LOADER = "$(TEST_HOST)";
				FRAMEWORK_SEARCH_PATHS = (
					"$(SDKROOT)/Developer/Library/Frameworks",
					"$(inherited)",
				);
				INFOPLIST_FILE = CarthageAppTests/Info.plist;
				LD_RUNPATH_SEARCH_PATHS = "$(inherited) @executable_path/Frameworks @loader_path/Frameworks";
				PRODUCT_NAME = "$(TARGET_NAME)";
				TEST_HOST = "$(BUILT_PRODUCTS_DIR)/CarthageApp.app/CarthageApp";
			};
			name = Release;
		};
/* End XCBuildConfiguration section */

/* Begin XCConfigurationList section */
		92FA7B941A997E4400ED6952 /* Build configuration list for PBXProject "CarthageApp" */ = {
			isa = XCConfigurationList;
			buildConfigurations = (
				92FA7BB61A997E4400ED6952 /* Debug */,
				92FA7BB71A997E4400ED6952 /* Release */,
			);
			defaultConfigurationIsVisible = 0;
			defaultConfigurationName = Release;
		};
		92FA7BB81A997E4400ED6952 /* Build configuration list for PBXNativeTarget "CarthageApp" */ = {
			isa = XCConfigurationList;
			buildConfigurations = (
				92FA7BB91A997E4400ED6952 /* Debug */,
				92FA7BBA1A997E4400ED6952 /* Release */,
			);
			defaultConfigurationIsVisible = 0;
			defaultConfigurationName = Release;
		};
		92FA7BBB1A997E4400ED6952 /* Build configuration list for PBXNativeTarget "CarthageAppTests" */ = {
			isa = XCConfigurationList;
			buildConfigurations = (
				92FA7BBC1A997E4400ED6952 /* Debug */,
				92FA7BBD1A997E4400ED6952 /* Release */,
			);
			defaultConfigurationIsVisible = 0;
			defaultConfigurationName = Release;
		};
/* End XCConfigurationList section */
	};
	rootObject = 92FA7B911A997E4400ED6952 /* Project object */;
}
